
Microsoft Visual Studio Solution File, Format Version 12.00
# Visual Studio Version 16
VisualStudioVersion = 16.0.30114.105
MinimumVisualStudioVersion = 10.0.40219.1
Project("{FAE04EC0-301F-11D3-BF4B-00C04F79EFBC}") = "Cachr.Core", "Cachr.Core\Cachr.Core.csproj", "{2ABDF998-CBDB-4C5B-8A66-E2E91D01D769}"
EndProject
Project("{FAE04EC0-301F-11D3-BF4B-00C04F79EFBC}") = "Cachr.UnitTests", "Cachr.UnitTests\Cachr.UnitTests.csproj", "{A3646998-05CB-4025-9535-597DAA82EF11}"
EndProject
Project("{FAE04EC0-301F-11D3-BF4B-00C04F79EFBC}") = "Cachr.Benchmarks", "Cachr.Benchmarks\Cachr.Benchmarks.csproj", "{20ECFE48-AC31-47B9-8E6A-A989DBFDD1D2}"
EndProject
Project("{FAE04EC0-301F-11D3-BF4B-00C04F79EFBC}") = "Cachr.AspNetCore", "Cachr.AspNetCore\Cachr.AspNetCore.csproj", "{B89766BD-0EC1-4247-BCB9-D73E5078F924}"
EndProject
Project("{FAE04EC0-301F-11D3-BF4B-00C04F79EFBC}") = "Cachr.AspNetCore.TestApi", "Cachr.AspNetCore.TestApi\Cachr.AspNetCore.TestApi.csproj", "{6BD368F9-55C1-4F30-B3E0-390D61B7C9BE}"
EndProject
Project("{D954291E-2A0B-460D-934E-DC6B0785DB48}") = "SharedInternalCode", "SharedInternalCode\SharedInternalCode.shproj", "{949887E4-841B-41DF-A389-86D05044AE0A}"
EndProject
Global
	GlobalSection(SolutionConfigurationPlatforms) = preSolution
		Debug|Any CPU = Debug|Any CPU
		Release|Any CPU = Release|Any CPU
	EndGlobalSection
	GlobalSection(SolutionProperties) = preSolution
		HideSolutionNode = FALSE
	EndGlobalSection
	GlobalSection(ProjectConfigurationPlatforms) = postSolution
		{2ABDF998-CBDB-4C5B-8A66-E2E91D01D769}.Debug|Any CPU.ActiveCfg = Debug|Any CPU
		{2ABDF998-CBDB-4C5B-8A66-E2E91D01D769}.Debug|Any CPU.Build.0 = Debug|Any CPU
		{2ABDF998-CBDB-4C5B-8A66-E2E91D01D769}.Release|Any CPU.ActiveCfg = Release|Any CPU
		{2ABDF998-CBDB-4C5B-8A66-E2E91D01D769}.Release|Any CPU.Build.0 = Release|Any CPU
		{A3646998-05CB-4025-9535-597DAA82EF11}.Debug|Any CPU.ActiveCfg = Debug|Any CPU
		{A3646998-05CB-4025-9535-597DAA82EF11}.Debug|Any CPU.Build.0 = Debug|Any CPU
		{A3646998-05CB-4025-9535-597DAA82EF11}.Release|Any CPU.ActiveCfg = Release|Any CPU
		{A3646998-05CB-4025-9535-597DAA82EF11}.Release|Any CPU.Build.0 = Release|Any CPU
		{20ECFE48-AC31-47B9-8E6A-A989DBFDD1D2}.Debug|Any CPU.ActiveCfg = Debug|Any CPU
		{20ECFE48-AC31-47B9-8E6A-A989DBFDD1D2}.Debug|Any CPU.Build.0 = Debug|Any CPU
		{20ECFE48-AC31-47B9-8E6A-A989DBFDD1D2}.Release|Any CPU.ActiveCfg = Release|Any CPU
		{20ECFE48-AC31-47B9-8E6A-A989DBFDD1D2}.Release|Any CPU.Build.0 = Release|Any CPU
		{B89766BD-0EC1-4247-BCB9-D73E5078F924}.Debug|Any CPU.ActiveCfg = Debug|Any CPU
		{B89766BD-0EC1-4247-BCB9-D73E5078F924}.Debug|Any CPU.Build.0 = Debug|Any CPU
		{B89766BD-0EC1-4247-BCB9-D73E5078F924}.Release|Any CPU.ActiveCfg = Release|Any CPU
		{B89766BD-0EC1-4247-BCB9-D73E5078F924}.Release|Any CPU.Build.0 = Release|Any CPU
		{6BD368F9-55C1-4F30-B3E0-390D61B7C9BE}.Debug|Any CPU.ActiveCfg = Debug|Any CPU
		{6BD368F9-55C1-4F30-B3E0-390D61B7C9BE}.Debug|Any CPU.Build.0 = Debug|Any CPU
		{6BD368F9-55C1-4F30-B3E0-390D61B7C9BE}.Release|Any CPU.ActiveCfg = Release|Any CPU
		{6BD368F9-55C1-4F30-B3E0-390D61B7C9BE}.Release|Any CPU.Build.0 = Release|Any CPU
	EndGlobalSection
EndGlobal
